Microsoft Visual Studio Solution File, Format Version 11.00
# Visual Studio 2008

Project("{8D797724-C56A-9336-AA67-87E849C084B8}") = "DriftwoodRuin", "Assembly-CSharp-firstpass.csproj", "{18854B1A-DEED-EA3F-192C-6D47D2326520}"
EndProject
Project("{8D797724-C56A-9336-AA67-87E849C084B8}") = "DriftwoodRuin", "Assembly-CSharp.csproj", "{32F41F44-9A56-0872-3439-E654643C5EED}"
EndProject
Project("{8D797724-C56A-9336-AA67-87E849C084B8}") = "DriftwoodRuin", "Assembly-CSharp-Editor.csproj", "{F02AB80B-CF34-6834-4BE8-0096ABB99F17}"
EndProject
Global
	GlobalSection(SolutionConfigurationPlatforms) = preSolution
		Debug|Any CPU = Debug|Any CPU
		Release|Any CPU = Release|Any CPU
	EndGlobalSection
	GlobalSection(ProjectConfigurationPlatforms) = postSolution
		{18854B1A-DEED-EA3F-192C-6D47D2326520}.Debug|Any CPU.ActiveCfg = Debug|Any CPU
		{18854B1A-DEED-EA3F-192C-6D47D2326520}.Debug|Any CPU.Build.0 = Debug|Any CPU
		{18854B1A-DEED-EA3F-192C-6D47D2326520}.Release|Any CPU.ActiveCfg = Release|Any CPU
		{18854B1A-DEED-EA3F-192C-6D47D2326520}.Release|Any CPU.Build.0 = Release|Any CPU
		{32F41F44-9A56-0872-3439-E654643C5EED}.Debug|Any CPU.ActiveCfg = Debug|Any CPU
		{32F41F44-9A56-0872-3439-E654643C5EED}.Debug|Any CPU.Build.0 = Debug|Any CPU
		{32F41F44-9A56-0872-3439-E654643C5EED}.Release|Any CPU.ActiveCfg = Release|Any CPU
		{32F41F44-9A56-0872-3439-E654643C5EED}.Release|Any CPU.Build.0 = Release|Any CPU
		{F02AB80B-CF34-6834-4BE8-0096ABB99F17}.Debug|Any CPU.ActiveCfg = Debug|Any CPU
		{F02AB80B-CF34-6834-4BE8-0096ABB99F17}.Debug|Any CPU.Build.0 = Debug|Any CPU
		{F02AB80B-CF34-6834-4BE8-0096ABB99F17}.Release|Any CPU.ActiveCfg = Release|Any CPU
		{F02AB80B-CF34-6834-4BE8-0096ABB99F17}.Release|Any CPU.Build.0 = Release|Any CPU
	EndGlobalSection
	GlobalSection(SolutionProperties) = preSolution
		HideSolutionNode = FALSE
	EndGlobalSection
	GlobalSection(MonoDevelopProperties) = preSolution
		StartupItem = Assembly-CSharp.csproj
	EndGlobalSection
EndGlobal
